
Microsoft Visual Studio Solution File, Format Version 12.00
# Visual Studio Version 17
VisualStudioVersion = 17.13.35919.96 d17.13
MinimumVisualStudioVersion = 10.0.40219.1
Project("{FAE04EC0-301F-11D3-BF4B-00C04F79EFBC}") = "tp-promo-web-equipo-2A", "tp-promo-web-equipo-2A\tp-promo-web-equipo-2A.csproj", "{9E4A5452-5FAF-4F61-ABFA-CF5D98924E21}"
EndProject
Project("{FAE04EC0-301F-11D3-BF4B-00C04F79EFBC}") = "dominio", "dominio\dominio.csproj", "{5E0360C9-F2F5-47C4-8AD6-4D8BB7187364}"
EndProject
Project("{FAE04EC0-301F-11D3-BF4B-00C04F79EFBC}") = "negocio", "negocio\negocio.csproj", "{C18D0E47-B220-42DE-84B0-9C05F1ED7C1C}"
EndProject
Global
	GlobalSection(SolutionConfigurationPlatforms) = preSolution
		Debug|Any CPU = Debug|Any CPU
		Release|Any CPU = Release|Any CPU
	EndGlobalSection
	GlobalSection(ProjectConfigurationPlatforms) = postSolution
		{9E4A5452-5FAF-4F61-ABFA-CF5D98924E21}.Debug|Any CPU.ActiveCfg = Debug|Any CPU
		{9E4A5452-5FAF-4F61-ABFA-CF5D98924E21}.Debug|Any CPU.Build.0 = Debug|Any CPU
		{9E4A5452-5FAF-4F61-ABFA-CF5D98924E21}.Release|Any CPU.ActiveCfg = Release|Any CPU
		{9E4A5452-5FAF-4F61-ABFA-CF5D98924E21}.Release|Any CPU.Build.0 = Release|Any CPU
		{5E0360C9-F2F5-47C4-8AD6-4D8BB7187364}.Debug|Any CPU.ActiveCfg = Debug|Any CPU
		{5E0360C9-F2F5-47C4-8AD6-4D8BB7187364}.Debug|Any CPU.Build.0 = Debug|Any CPU
		{5E0360C9-F2F5-47C4-8AD6-4D8BB7187364}.Release|Any CPU.ActiveCfg = Release|Any CPU
		{5E0360C9-F2F5-47C4-8AD6-4D8BB7187364}.Release|Any CPU.Build.0 = Release|Any CPU
		{C18D0E47-B220-42DE-84B0-9C05F1ED7C1C}.Debug|Any CPU.ActiveCfg = Debug|Any CPU
		{C18D0E47-B220-42DE-84B0-9C05F1ED7C1C}.Debug|Any CPU.Build.0 = Debug|Any CPU
		{C18D0E47-B220-42DE-84B0-9C05F1ED7C1C}.Release|Any CPU.ActiveCfg = Release|Any CPU
		{C18D0E47-B220-42DE-84B0-9C05F1ED7C1C}.Release|Any CPU.Build.0 = Release|Any CPU
	EndGlobalSection
	GlobalSection(SolutionProperties) = preSolution
		HideSolutionNode = FALSE
	EndGlobalSection
	GlobalSection(ExtensibilityGlobals) = postSolution
		SolutionGuid = {3963B1D9-E078-4329-ABF1-BE8DF9E18F35}
	EndGlobalSection
EndGlobal
